
Microsoft Visual Studio Solution File, Format Version 12.00
# Visual Studio 15
VisualStudioVersion = 15.0.26730.16
MinimumVisualStudioVersion = 10.0.40219.1
Project("{FAE04EC0-301F-11D3-BF4B-00C04F79EFBC}") = "ParkingSamochodowy", "ParkingSamochodowy\ParkingSamochodowy.csproj", "{9B271F61-383C-4530-8990-CEAE219CFC06}"
EndProject
Project("{FAE04EC0-301F-11D3-BF4B-00C04F79EFBC}") = "gui1", "gui1\gui1.csproj", "{9BCD33CC-7E15-4407-9BB1-F936D96C62F4}"
EndProject
Global
	GlobalSection(SolutionConfigurationPlatforms) = preSolution
		Debug|Any CPU = Debug|Any CPU
		Release|Any CPU = Release|Any CPU
	EndGlobalSection
	GlobalSection(ProjectConfigurationPlatforms) = postSolution
		{9B271F61-383C-4530-8990-CEAE219CFC06}.Debug|Any CPU.ActiveCfg = Debug|Any CPU
		{9B271F61-383C-4530-8990-CEAE219CFC06}.Debug|Any CPU.Build.0 = Debug|Any CPU
		{9B271F61-383C-4530-8990-CEAE219CFC06}.Release|Any CPU.ActiveCfg = Release|Any CPU
		{9B271F61-383C-4530-8990-CEAE219CFC06}.Release|Any CPU.Build.0 = Release|Any CPU
		{9BCD33CC-7E15-4407-9BB1-F936D96C62F4}.Debug|Any CPU.ActiveCfg = Debug|Any CPU
		{9BCD33CC-7E15-4407-9BB1-F936D96C62F4}.Debug|Any CPU.Build.0 = Debug|Any CPU
		{9BCD33CC-7E15-4407-9BB1-F936D96C62F4}.Release|Any CPU.ActiveCfg = Release|Any CPU
		{9BCD33CC-7E15-4407-9BB1-F936D96C62F4}.Release|Any CPU.Build.0 = Release|Any CPU
	EndGlobalSection
	GlobalSection(SolutionProperties) = preSolution
		HideSolutionNode = FALSE
	EndGlobalSection
	GlobalSection(ExtensibilityGlobals) = postSolution
		SolutionGuid = {8A2A8D14-9AFB-4EA0-876D-86E7644F459D}
	EndGlobalSection
EndGlobal
